// !$*UTF8*$!
{
	archiveVersion = 1;
	classes = {
	};
	objectVersion = 55;
	objects = {

/* Begin PBXBuildFile section */
		0D14FF62271B33E30032DE7B /* cloudtech_iosApp.swift in Sources */ = {isa = PBXBuildFile; fileRef = 0D14FF61271B33E30032DE7B /* cloudtech_iosApp.swift */; };
		0D14FF64271B33E30032DE7B /* ContentView.swift in Sources */ = {isa = PBXBuildFile; fileRef = 0D14FF63271B33E30032DE7B /* ContentView.swift */; };
		0D14FF66271B33E80032DE7B /* Assets.xcassets in Resources */ = {isa = PBXBuildFile; fileRef = 0D14FF65271B33E80032DE7B /* Assets.xcassets */; };
		0D14FF69271B33E80032DE7B /* Preview Assets.xcassets in Resources */ = {isa = PBXBuildFile; fileRef = 0D14FF68271B33E80032DE7B /* Preview Assets.xcassets */; };
		0D14FF6B271B33E80032DE7B /* Persistence.swift in Sources */ = {isa = PBXBuildFile; fileRef = 0D14FF6A271B33E80032DE7B /* Persistence.swift */; };
		0D14FF6E271B33E80032DE7B /* cloudtech_ios.xcdatamodeld in Sources */ = {isa = PBXBuildFile; fileRef = 0D14FF6C271B33E80032DE7B /* cloudtech_ios.xcdatamodeld */; };
		0D14FF77271B34A00032DE7B /* OnboardView.swift in Sources */ = {isa = PBXBuildFile; fileRef = 0D14FF76271B34A00032DE7B /* OnboardView.swift */; };
		0D14FF7E271B3D2C0032DE7B /* MaisonNeue-Book.ttf in Resources */ = {isa = PBXBuildFile; fileRef = 0D14FF7A271B3D2B0032DE7B /* MaisonNeue-Book.ttf */; };
		0D14FF7F271B3D2C0032DE7B /* MaisonNeue-Bold.ttf in Resources */ = {isa = PBXBuildFile; fileRef = 0D14FF7B271B3D2B0032DE7B /* MaisonNeue-Bold.ttf */; };
		0D14FF80271B3D2C0032DE7B /* Maison Neue Mono.ttf in Resources */ = {isa = PBXBuildFile; fileRef = 0D14FF7C271B3D2C0032DE7B /* Maison Neue Mono.ttf */; };
		0D14FF81271B3D2C0032DE7B /* MaisonNeue-Medium.ttf in Resources */ = {isa = PBXBuildFile; fileRef = 0D14FF7D271B3D2C0032DE7B /* MaisonNeue-Medium.ttf */; };
		0D14FF84271B45940032DE7B /* ManageDeviceView.swift in Sources */ = {isa = PBXBuildFile; fileRef = 0D14FF83271B45930032DE7B /* ManageDeviceView.swift */; };
		0D14FF86271B670B0032DE7B /* RoundCorners.swift in Sources */ = {isa = PBXBuildFile; fileRef = 0D14FF85271B670B0032DE7B /* RoundCorners.swift */; };
		0D14FF88271C915B0032DE7B /* AddDeviceView.swift in Sources */ = {isa = PBXBuildFile; fileRef = 0D14FF87271C915A0032DE7B /* AddDeviceView.swift */; };
		0D14FF8A272202090032DE7B /* AuthenticationView.swift in Sources */ = {isa = PBXBuildFile; fileRef = 0D14FF89272202080032DE7B /* AuthenticationView.swift */; };
/* End PBXBuildFile section */

/* Begin PBXFileReference section */
		0D14FF5E271B33E30032DE7B /* cloudtech_ios.app */ = {isa = PBXFileReference; explicitFileType = wrapper.application; includeInIndex = 0; path = cloudtech_ios.app; sourceTree = BUILT_PRODUCTS_DIR; };
		0D14FF61271B33E30032DE7B /* cloudtech_iosApp.swift */ = {isa = PBXFileReference; lastKnownFileType = sourcecode.swift; path = cloudtech_iosApp.swift; sourceTree = "<group>"; };
		0D14FF63271B33E30032DE7B /* ContentView.swift */ = {isa = PBXFileReference; lastKnownFileType = sourcecode.swift; path = ContentView.swift; sourceTree = "<group>"; };
		0D14FF65271B33E80032DE7B /* Assets.xcassets */ = {isa = PBXFileReference; lastKnownFileType = folder.assetcatalog; path = Assets.xcassets; sourceTree = "<group>"; };
		0D14FF68271B33E80032DE7B /* Preview Assets.xcassets */ = {isa = PBXFileReference; lastKnownFileType = folder.assetcatalog; path = "Preview Assets.xcassets"; sourceTree = "<group>"; };
		0D14FF6A271B33E80032DE7B /* Persistence.swift */ = {isa = PBXFileReference; lastKnownFileType = sourcecode.swift; path = Persistence.swift; sourceTree = "<group>"; };
		0D14FF6D271B33E80032DE7B /* cloudtech_ios.xcdatamodel */ = {isa = PBXFileReference; lastKnownFileType = wrapper.xcdatamodel; path = cloudtech_ios.xcdatamodel; sourceTree = "<group>"; };
		0D14FF76271B34A00032DE7B /* OnboardView.swift */ = {isa = PBXFileReference; lastKnownFileType = sourcecode.swift; path = OnboardView.swift; sourceTree = "<group>"; };
		0D14FF7A271B3D2B0032DE7B /* MaisonNeue-Book.ttf */ = {isa = PBXFileReference; lastKnownFileType = file; name = "MaisonNeue-Book.ttf"; path = "../../../../../../../../Library/Fonts/MaisonNeue-Book.ttf"; sourceTree = "<group>"; };
		0D14FF7B271B3D2B0032DE7B /* MaisonNeue-Bold.ttf */ = {isa = PBXFileReference; lastKnownFileType = file; name = "MaisonNeue-Bold.ttf"; path = "../../../../../../../../Library/Fonts/MaisonNeue-Bold.ttf"; sourceTree = "<group>"; };
		0D14FF7C271B3D2C0032DE7B /* Maison Neue Mono.ttf */ = {isa = PBXFileReference; lastKnownFileType = file; name = "Maison Neue Mono.ttf"; path = "../../../../../../../../Library/Fonts/Maison Neue Mono.ttf"; sourceTree = "<group>"; };
		0D14FF7D271B3D2C0032DE7B /* MaisonNeue-Medium.ttf */ = {isa = PBXFileReference; lastKnownFileType = file; name = "MaisonNeue-Medium.ttf"; path = "../../../../../../../../Library/Fonts/MaisonNeue-Medium.ttf"; sourceTree = "<group>"; };
		0D14FF82271B3D4C0032DE7B /* cloudtech-ios-Info.plist */ = {isa = PBXFileReference; lastKnownFileType = text.plist; path = "cloudtech-ios-Info.plist"; sourceTree = SOURCE_ROOT; };
		0D14FF83271B45930032DE7B /* ManageDeviceView.swift */ = {isa = PBXFileReference; lastKnownFileType = sourcecode.swift; path = ManageDeviceView.swift; sourceTree = "<group>"; };
		0D14FF85271B670B0032DE7B /* RoundCorners.swift */ = {isa = PBXFileReference; lastKnownFileType = sourcecode.swift; path = RoundCorners.swift; sourceTree = "<group>"; };
		0D14FF87271C915A0032DE7B /* AddDeviceView.swift */ = {isa = PBXFileReference; lastKnownFileType = sourcecode.swift; path = AddDeviceView.swift; sourceTree = "<group>"; };
		0D14FF89272202080032DE7B /* AuthenticationView.swift */ = {isa = PBXFileReference; lastKnownFileType = sourcecode.swift; path = AuthenticationView.swift; sourceTree = "<group>"; };
/* End PBXFileReference section */

/* Begin PBXFrameworksBuildPhase section */
		0D14FF5B271B33E30032DE7B /* Frameworks */ = {
			isa = PBXFrameworksBuildPhase;
			buildActionMask = 2147483647;
			files = (
			);
			runOnlyForDeploymentPostprocessing = 0;
		};
/* End PBXFrameworksBuildPhase section */

/* Begin PBXGroup section */
		0D14FF55271B33E30032DE7B = {
			isa = PBXGroup;
			children = (
				0D14FF60271B33E30032DE7B /* cloudtech_ios */,
				0D14FF5F271B33E30032DE7B /* Products */,
			);
			sourceTree = "<group>";
		};
		0D14FF5F271B33E30032DE7B /* Products */ = {
			isa = PBXGroup;
			children = (
				0D14FF5E271B33E30032DE7B /* cloudtech_ios.app */,
			);
			name = Products;
			sourceTree = "<group>";
		};
		0D14FF60271B33E30032DE7B /* cloudtech_ios */ = {
			isa = PBXGroup;
			children = (
				0D14FF82271B3D4C0032DE7B /* cloudtech-ios-Info.plist */,
				0D14FF78271B3CF70032DE7B /* Fonts */,
				0D14FF61271B33E30032DE7B /* cloudtech_iosApp.swift */,
				0D14FF63271B33E30032DE7B /* ContentView.swift */,
				0D14FF6A271B33E80032DE7B /* Persistence.swift */,
				0D14FF75271B34540032DE7B /* Modifiers */,
				0D14FF74271B342A0032DE7B /* VIews */,
				0D14FF6C271B33E80032DE7B /* cloudtech_ios.xcdatamodeld */,
				0D14FF65271B33E80032DE7B /* Assets.xcassets */,
				0D14FF67271B33E80032DE7B /* Preview Content */,
			);
			path = cloudtech_ios;
			sourceTree = "<group>";
		};
		0D14FF67271B33E80032DE7B /* Preview Content */ = {
			isa = PBXGroup;
			children = (
				0D14FF68271B33E80032DE7B /* Preview Assets.xcassets */,
			);
			path = "Preview Content";
			sourceTree = "<group>";
		};
		0D14FF74271B342A0032DE7B /* VIews */ = {
			isa = PBXGroup;
			children = (
				0D14FF76271B34A00032DE7B /* OnboardView.swift */,
				0D14FF89272202080032DE7B /* AuthenticationView.swift */,
				0D14FF83271B45930032DE7B /* ManageDeviceView.swift */,
				0D14FF87271C915A0032DE7B /* AddDeviceView.swift */,
			);
			path = VIews;
			sourceTree = "<group>";
		};
		0D14FF75271B34540032DE7B /* Modifiers */ = {
			isa = PBXGroup;
			children = (
				0D14FF85271B670B0032DE7B /* RoundCorners.swift */,
			);
			path = Modifiers;
			sourceTree = "<group>";
		};
		0D14FF78271B3CF70032DE7B /* Fonts */ = {
			isa = PBXGroup;
			children = (
				0D14FF79271B3D000032DE7B /* Primary */,
			);
			path = Fonts;
			sourceTree = "<group>";
		};
		0D14FF79271B3D000032DE7B /* Primary */ = {
			isa = PBXGroup;
			children = (
				0D14FF7C271B3D2C0032DE7B /* Maison Neue Mono.ttf */,
				0D14FF7B271B3D2B0032DE7B /* MaisonNeue-Bold.ttf */,
				0D14FF7A271B3D2B0032DE7B /* MaisonNeue-Book.ttf */,
				0D14FF7D271B3D2C0032DE7B /* MaisonNeue-Medium.ttf */,
			);
			path = Primary;
			sourceTree = "<group>";
		};
/* End PBXGroup section */

/* Begin PBXNativeTarget section */
		0D14FF5D271B33E30032DE7B /* cloudtech_ios */ = {
			isa = PBXNativeTarget;
			buildConfigurationList = 0D14FF71271B33E80032DE7B /* Build configuration list for PBXNativeTarget "cloudtech_ios" */;
			buildPhases = (
				0D14FF5A271B33E30032DE7B /* Sources */,
				0D14FF5B271B33E30032DE7B /* Frameworks */,
				0D14FF5C271B33E30032DE7B /* Resources */,
			);
			buildRules = (
			);
			dependencies = (
			);
			name = cloudtech_ios;
			productName = cloudtech_ios;
			productReference = 0D14FF5E271B33E30032DE7B /* cloudtech_ios.app */;
			productType = "com.apple.product-type.application";
		};
/* End PBXNativeTarget section */

/* Begin PBXProject section */
		0D14FF56271B33E30032DE7B /* Project object */ = {
			isa = PBXProject;
			attributes = {
				BuildIndependentTargetsInParallel = 1;
				LastSwiftUpdateCheck = 1300;
				LastUpgradeCheck = 1300;
				TargetAttributes = {
					0D14FF5D271B33E30032DE7B = {
						CreatedOnToolsVersion = 13.0;
					};
				};
			};
			buildConfigurationList = 0D14FF59271B33E30032DE7B /* Build configuration list for PBXProject "cloudtech_ios" */;
			compatibilityVersion = "Xcode 13.0";
			developmentRegion = en;
			hasScannedForEncodings = 0;
			knownRegions = (
				en,
				Base,
			);
			mainGroup = 0D14FF55271B33E30032DE7B;
			productRefGroup = 0D14FF5F271B33E30032DE7B /* Products */;
			projectDirPath = "";
			projectRoot = "";
			targets = (
				0D14FF5D271B33E30032DE7B /* cloudtech_ios */,
			);
		};
/* End PBXProject section */

/* Begin PBXResourcesBuildPhase section */
		0D14FF5C271B33E30032DE7B /* Resources */ = {
			isa = PBXResourcesBuildPhase;
			buildActionMask = 2147483647;
			files = (
				0D14FF69271B33E80032DE7B /* Preview Assets.xcassets in Resources */,
				0D14FF80271B3D2C0032DE7B /* Maison Neue Mono.ttf in Resources */,
				0D14FF7F271B3D2C0032DE7B /* MaisonNeue-Bold.ttf in Resources */,
				0D14FF7E271B3D2C0032DE7B /* MaisonNeue-Book.ttf in Resources */,
				0D14FF66271B33E80032DE7B /* Assets.xcassets in Resources */,
				0D14FF81271B3D2C0032DE7B /* MaisonNeue-Medium.ttf in Resources */,
			);
			runOnlyForDeploymentPostprocessing = 0;
		};
/* End PBXResourcesBuildPhase section */

/* Begin PBXSourcesBuildPhase section */
		0D14FF5A271B33E30032DE7B /* Sources */ = {
			isa = PBXSourcesBuildPhase;
			buildActionMask = 2147483647;
			files = (
				0D14FF6B271B33E80032DE7B /* Persistence.swift in Sources */,
				0D14FF84271B45940032DE7B /* ManageDeviceView.swift in Sources */,
				0D14FF88271C915B0032DE7B /* AddDeviceView.swift in Sources */,
				0D14FF86271B670B0032DE7B /* RoundCorners.swift in Sources */,
				0D14FF77271B34A00032DE7B /* OnboardView.swift in Sources */,
				0D14FF8A272202090032DE7B /* AuthenticationView.swift in Sources */,
				0D14FF64271B33E30032DE7B /* ContentView.swift in Sources */,
				0D14FF62271B33E30032DE7B /* cloudtech_iosApp.swift in Sources */,
				0D14FF6E271B33E80032DE7B /* cloudtech_ios.xcdatamodeld in Sources */,
			);
			runOnlyForDeploymentPostprocessing = 0;
		};
/* End PBXSourcesBuildPhase section */

/* Begin XCBuildConfiguration section */
		0D14FF6F271B33E80032DE7B /* Debug */ = {
			isa = XCBuildConfiguration;
			buildSettings = {
				ALWAYS_SEARCH_USER_PATHS = NO;
				CLANG_ANALYZER_NONNULL = YES;
				CLANG_ANALYZER_NUMBER_OBJECT_CONVERSION = YES_AGGRESSIVE;
				CLANG_CXX_LANGUAGE_STANDARD = "gnu++17";
				CLANG_CXX_LIBRARY = "libc++";
				CLANG_ENABLE_MODULES = YES;
				CLANG_ENABLE_OBJC_ARC = YES;
				CLANG_ENABLE_OBJC_WEAK = YES;
				CLANG_WARN_BLOCK_CAPTURE_AUTORELEASING = YES;
				CLANG_WARN_BOOL_CONVERSION = YES;
				CLANG_WARN_COMMA = YES;
				CLANG_WARN_CONSTANT_CONVERSION = YES;
				CLANG_WARN_DEPRECATED_OBJC_IMPLEMENTATIONS = YES;
				CLANG_WARN_DIRECT_OBJC_ISA_USAGE = YES_ERROR;
				CLANG_WARN_DOCUMENTATION_COMMENTS = YES;
				CLANG_WARN_EMPTY_BODY = YES;
				CLANG_WARN_ENUM_CONVERSION = YES;
				CLANG_WARN_INFINITE_RECURSION = YES;
				CLANG_WARN_INT_CONVERSION = YES;
				CLANG_WARN_NON_LITERAL_NULL_CONVERSION = YES;
				CLANG_WARN_OBJC_IMPLICIT_RETAIN_SELF = YES;
				CLANG_WARN_OBJC_LITERAL_CONVERSION = YES;
				CLANG_WARN_OBJC_ROOT_CLASS = YES_ERROR;
				CLANG_WARN_QUOTED_INCLUDE_IN_FRAMEWORK_HEADER = YES;
				CLANG_WARN_RANGE_LOOP_ANALYSIS = YES;
				CLANG_WARN_STRICT_PROTOTYPES = YES;
				CLANG_WARN_SUSPICIOUS_MOVE = YES;
				CLANG_WARN_UNGUARDED_AVAILABILITY = YES_AGGRESSIVE;
				CLANG_WARN_UNREACHABLE_CODE = YES;
				CLANG_WARN__DUPLICATE_METHOD_MATCH = YES;
				COPY_PHASE_STRIP = NO;
				DEBUG_INFORMATION_FORMAT = dwarf;
				ENABLE_STRICT_OBJC_MSGSEND = YES;
				ENABLE_TESTABILITY = YES;
				GCC_C_LANGUAGE_STANDARD = gnu11;
				GCC_DYNAMIC_NO_PIC = NO;
				GCC_NO_COMMON_BLOCKS = YES;
				GCC_OPTIMIZATION_LEVEL = 0;
				GCC_PREPROCESSOR_DEFINITIONS = (
					"DEBUG=1",
					"$(inherited)",
				);
				GCC_WARN_64_TO_32_BIT_CONVERSION = YES;
				GCC_WARN_ABOUT_RETURN_TYPE = YES_ERROR;
				GCC_WARN_UNDECLARED_SELECTOR = YES;
				GCC_WARN_UNINITIALIZED_AUTOS = YES_AGGRESSIVE;
				GCC_WARN_UNUSED_FUNCTION = YES;
				GCC_WARN_UNUSED_VARIABLE = YES;
				IPHONEOS_DEPLOYMENT_TARGET = 15.0;
				MTL_ENABLE_DEBUG_INFO = INCLUDE_SOURCE;
				MTL_FAST_MATH = YES;
				ONLY_ACTIVE_ARCH = YES;
				SDKROOT = iphoneos;
				SWIFT_ACTIVE_COMPILATION_CONDITIONS = DEBUG;
				SWIFT_OPTIMIZATION_LEVEL = "-Onone";
			};
			name = Debug;
		};
		0D14FF70271B33E80032DE7B /* Release */ = {
			isa = XCBuildConfiguration;
			buildSettings = {
				ALWAYS_SEARCH_USER_PATHS = NO;
				CLANG_ANALYZER_NONNULL = YES;
				CLANG_ANALYZER_NUMBER_OBJECT_CONVERSION = YES_AGGRESSIVE;
				CLANG_CXX_LANGUAGE_STANDARD = "gnu++17";
				CLANG_CXX_LIBRARY = "libc++";
				CLANG_ENABLE_MODULES = YES;
				CLANG_ENABLE_OBJC_ARC = YES;
				CLANG_ENABLE_OBJC_WEAK = YES;
				CLANG_WARN_BLOCK_CAPTURE_AUTORELEASING = YES;
				CLANG_WARN_BOOL_CONVERSION = YES;
				CLANG_WARN_COMMA = YES;
				CLANG_WARN_CONSTANT_CONVERSION = YES;
				CLANG_WARN_DEPRECATED_OBJC_IMPLEMENTATIONS = YES;
				CLANG_WARN_DIRECT_OBJC_ISA_USAGE = YES_ERROR;
				CLANG_WARN_DOCUMENTATION_COMMENTS = YES;
				CLANG_WARN_EMPTY_BODY = YES;
				CLANG_WARN_ENUM_CONVERSION = YES;
				CLANG_WARN_INFINITE_RECURSION = YES;
				CLANG_WARN_INT_CONVERSION = YES;
				CLANG_WARN_NON_LITERAL_NULL_CONVERSION = YES;
				CLANG_WARN_OBJC_IMPLICIT_RETAIN_SELF = YES;
				CLANG_WARN_OBJC_LITERAL_CONVERSION = YES;
				CLANG_WARN_OBJC_ROOT_CLASS = YES_ERROR;
				CLANG_WARN_QUOTED_INCLUDE_IN_FRAMEWORK_HEADER = YES;
				CLANG_WARN_RANGE_LOOP_ANALYSIS = YES;
				CLANG_WARN_STRICT_PROTOTYPES = YES;
				CLANG_WARN_SUSPICIOUS_MOVE = YES;
				CLANG_WARN_UNGUARDED_AVAILABILITY = YES_AGGRESSIVE;
				CLANG_WARN_UNREACHABLE_CODE = YES;
				CLANG_WARN__DUPLICATE_METHOD_MATCH = YES;
				COPY_PHASE_STRIP = NO;
				DEBUG_INFORMATION_FORMAT = "dwarf-with-dsym";
				ENABLE_NS_ASSERTIONS = NO;
				ENABLE_STRICT_OBJC_MSGSEND = YES;
				GCC_C_LANGUAGE_STANDARD = gnu11;
				GCC_NO_COMMON_BLOCKS = YES;
				GCC_WARN_64_TO_32_BIT_CONVERSION = YES;
				GCC_WARN_ABOUT_RETURN_TYPE = YES_ERROR;
				GCC_WARN_UNDECLARED_SELECTOR = YES;
				GCC_WARN_UNINITIALIZED_AUTOS = YES_AGGRESSIVE;
				GCC_WARN_UNUSED_FUNCTION = YES;
				GCC_WARN_UNUSED_VARIABLE = YES;
				IPHONEOS_DEPLOYMENT_TARGET = 15.0;
				MTL_ENABLE_DEBUG_INFO = NO;
				MTL_FAST_MATH = YES;
				SDKROOT = iphoneos;
				SWIFT_COMPILATION_MODE = wholemodule;
				SWIFT_OPTIMIZATION_LEVEL = "-O";
				VALIDATE_PRODUCT = YES;
			};
			name = Release;
		};
		0D14FF72271B33E80032DE7B /* Debug */ = {
			isa = XCBuildConfiguration;
			buildSettings = {
				ASSETCATALOG_COMPILER_APPICON_NAME = AppIcon;
				ASSETCATALOG_COMPILER_GLOBAL_ACCENT_COLOR_NAME = AccentColor;
				CODE_SIGN_STYLE = Automatic;
				CURRENT_PROJECT_VERSION = 1;
				DEVELOPMENT_ASSET_PATHS = "\"cloudtech_ios/Preview Content\"";
				DEVELOPMENT_TEAM = RWYZ6F567Q;
				ENABLE_PREVIEWS = YES;
				GENERATE_INFOPLIST_FILE = YES;
				INFOPLIST_FILE = "cloudtech-ios-Info.plist";
				INFOPLIST_KEY_UIApplicationSceneManifest_Generation = YES;
				INFOPLIST_KEY_UIApplicationSupportsIndirectInputEvents = YES;
				INFOPLIST_KEY_UILaunchScreen_Generation = YES;
				INFOPLIST_KEY_UISupportedInterfaceOrientations_iPad = "UIInterfaceOrientationPortrait UIInterfaceOrientationPortraitUpsideDown UIInterfaceOrientationLandscapeLeft UIInterfaceOrientationLandscapeRight";
				INFOPLIST_KEY_UISupportedInterfaceOrientations_iPhone = "UIInterfaceOrientationPortrait UIInterfaceOrientationLandscapeLeft UIInterfaceOrientationLandscapeRight";
				INFOPLIST_KEY_UIUserInterfaceStyle = Light;
				IPHONEOS_DEPLOYMENT_TARGET = 14.0;
				LD_RUNPATH_SEARCH_PATHS = (
					"$(inherited)",
					"@executable_path/Frameworks",
				);
				MARKETING_VERSION = 1.0;
				PRODUCT_BUNDLE_IDENTIFIER = "oobiora.cloudtech-ios";
				PRODUCT_NAME = "$(TARGET_NAME)";
				SWIFT_EMIT_LOC_STRINGS = YES;
				SWIFT_VERSION = 5.0;
				TARGETED_DEVICE_FAMILY = "1,2";
			};
			name = Debug;
		};
		0D14FF73271B33E80032DE7B /* Release */ = {
			isa = XCBuildConfiguration;
			buildSettings = {
				ASSETCATALOG_COMPILER_APPICON_NAME = AppIcon;
				ASSETCATALOG_COMPILER_GLOBAL_ACCENT_COLOR_NAME = AccentColor;
				CODE_SIGN_STYLE = Automatic;
				CURRENT_PROJECT_VERSION = 1;
				DEVELOPMENT_ASSET_PATHS = "\"cloudtech_ios/Preview Content\"";
				DEVELOPMENT_TEAM = RWYZ6F567Q;
				ENABLE_PREVIEWS = YES;
				GENERATE_INFOPLIST_FILE = YES;
				INFOPLIST_FILE = "cloudtech-ios-Info.plist";
				INFOPLIST_KEY_UIApplicationSceneManifest_Generation = YES;
				INFOPLIST_KEY_UIApplicationSupportsIndirectInputEvents = YES;
				INFOPLIST_KEY_UILaunchScreen_Generation = YES;
				INFOPLIST_KEY_UISupportedInterfaceOrientations_iPad = "UIInterfaceOrientationPortrait UIInterfaceOrientationPortraitUpsideDown UIInterfaceOrientationLandscapeLeft UIInterfaceOrientationLandscapeRight";
				INFOPLIST_KEY_UISupportedInterfaceOrientations_iPhone = "UIInterfaceOrientationPortrait UIInterfaceOrientationLandscapeLeft UIInterfaceOrientationLandscapeRight";
				INFOPLIST_KEY_UIUserInterfaceStyle = Light;
				IPHONEOS_DEPLOYMENT_TARGET = 14.0;
				LD_RUNPATH_SEARCH_PATHS = (
					"$(inherited)",
					"@executable_path/Frameworks",
				);
				MARKETING_VERSION = 1.0;
				PRODUCT_BUNDLE_IDENTIFIER = "oobiora.cloudtech-ios";
				PRODUCT_NAME = "$(TARGET_NAME)";
				SWIFT_EMIT_LOC_STRINGS = YES;
				SWIFT_VERSION = 5.0;
				TARGETED_DEVICE_FAMILY = "1,2";
			};
			name = Release;
		};
/* End XCBuildConfiguration section */

/* Begin XCConfigurationList section */
		0D14FF59271B33E30032DE7B /* Build configuration list for PBXProject "cloudtech_ios" */ = {
			isa = XCConfigurationList;
			buildConfigurations = (
				0D14FF6F271B33E80032DE7B /* Debug */,
				0D14FF70271B33E80032DE7B /* Release */,
			);
			defaultConfigurationIsVisible = 0;
			defaultConfigurationName = Release;
		};
		0D14FF71271B33E80032DE7B /* Build configuration list for PBXNativeTarget "cloudtech_ios" */ = {
			isa = XCConfigurationList;
			buildConfigurations = (
				0D14FF72271B33E80032DE7B /* Debug */,
				0D14FF73271B33E80032DE7B /* Release */,
			);
			defaultConfigurationIsVisible = 0;
			defaultConfigurationName = Release;
		};
/* End XCConfigurationList section */

/* Begin XCVersionGroup section */
		0D14FF6C271B33E80032DE7B /* cloudtech_ios.xcdatamodeld */ = {
			isa = XCVersionGroup;
			children = (
				0D14FF6D271B33E80032DE7B /* cloudtech_ios.xcdatamodel */,
			);
			currentVersion = 0D14FF6D271B33E80032DE7B /* cloudtech_ios.xcdatamodel */;
			path = cloudtech_ios.xcdatamodeld;
			sourceTree = "<group>";
			versionGroupType = wrapper.xcdatamodel;
		};
/* End XCVersionGroup section */
	};
	rootObject = 0D14FF56271B33E30032DE7B /* Project object */;
}
